
Microsoft Visual Studio Solution File, Format Version 12.00
# Visual Studio Version 16
VisualStudioVersion = 16.0.30128.74
MinimumVisualStudioVersion = 10.0.40219.1
Project("{FAE04EC0-301F-11D3-BF4B-00C04F79EFBC}") = "CoreInDocker", "CoreInDocker.csproj", "{5531B8EC-AF85-4F4B-8D56-589E7FC3D658}"
EndProject
Global
	GlobalSection(SolutionConfigurationPlatforms) = preSolution
		Debug|Any CPU = Debug|Any CPU
		Release|Any CPU = Release|Any CPU
	EndGlobalSection
	GlobalSection(ProjectConfigurationPlatforms) = postSolution
		{5531B8EC-AF85-4F4B-8D56-589E7FC3D658}.Debug|Any CPU.ActiveCfg = Debug|Any CPU
		{5531B8EC-AF85-4F4B-8D56-589E7FC3D658}.Debug|Any CPU.Build.0 = Debug|Any CPU
		{5531B8EC-AF85-4F4B-8D56-589E7FC3D658}.Release|Any CPU.ActiveCfg = Release|Any CPU
		{5531B8EC-AF85-4F4B-8D56-589E7FC3D658}.Release|Any CPU.Build.0 = Release|Any CPU
	EndGlobalSection
	GlobalSection(SolutionProperties) = preSolution
		HideSolutionNode = FALSE
	EndGlobalSection
	GlobalSection(ExtensibilityGlobals) = postSolution
		SolutionGuid = {CAC0680A-BCBC-49A3-82E6-0BB1730B77E5}
	EndGlobalSection
EndGlobal
